
Microsoft Visual Studio Solution File, Format Version 12.00
# Visual Studio Version 16
VisualStudioVersion = 16.0.29311.281
MinimumVisualStudioVersion = 10.0.40219.1
Project("{FAE04EC0-301F-11D3-BF4B-00C04F79EFBC}") = "ClassLibrary", "ClassLibrary\ClassLibrary.csproj", "{5D84AFA8-DCA3-497F-9D93-5D01709A51FA}"
EndProject
Project("{FAE04EC0-301F-11D3-BF4B-00C04F79EFBC}") = "Web", "Web\Web.csproj", "{08414EDC-6F6A-4DFB-B27F-D1ABEFA56EDD}"
EndProject
Global
	GlobalSection(SolutionConfigurationPlatforms) = preSolution
		Debug|Any CPU = Debug|Any CPU
		Release|Any CPU = Release|Any CPU
	EndGlobalSection
	GlobalSection(ProjectConfigurationPlatforms) = postSolution
		{5D84AFA8-DCA3-497F-9D93-5D01709A51FA}.Debug|Any CPU.ActiveCfg = Debug|Any CPU
		{5D84AFA8-DCA3-497F-9D93-5D01709A51FA}.Debug|Any CPU.Build.0 = Debug|Any CPU
		{5D84AFA8-DCA3-497F-9D93-5D01709A51FA}.Release|Any CPU.ActiveCfg = Release|Any CPU
		{5D84AFA8-DCA3-497F-9D93-5D01709A51FA}.Release|Any CPU.Build.0 = Release|Any CPU
		{08414EDC-6F6A-4DFB-B27F-D1ABEFA56EDD}.Debug|Any CPU.ActiveCfg = Debug|Any CPU
		{08414EDC-6F6A-4DFB-B27F-D1ABEFA56EDD}.Debug|Any CPU.Build.0 = Debug|Any CPU
		{08414EDC-6F6A-4DFB-B27F-D1ABEFA56EDD}.Release|Any CPU.ActiveCfg = Release|Any CPU
		{08414EDC-6F6A-4DFB-B27F-D1ABEFA56EDD}.Release|Any CPU.Build.0 = Release|Any CPU
	EndGlobalSection
	GlobalSection(SolutionProperties) = preSolution
		HideSolutionNode = FALSE
	EndGlobalSection
	GlobalSection(ExtensibilityGlobals) = postSolution
		SolutionGuid = {00C74C24-8F95-4635-8DEC-B95A4A357638}
	EndGlobalSection
EndGlobal
